
Microsoft Visual Studio Solution File, Format Version 12.00
# Visual Studio Version 16
VisualStudioVersion = 16.0.30104.148
MinimumVisualStudioVersion = 10.0.40219.1
Project("{FAE04EC0-301F-11D3-BF4B-00C04F79EFBC}") = "JSCardKiosks", "JSCardKiosks\JSCardKiosks.csproj", "{656FE60F-5BA3-4862-A5C1-A8EE24040370}"
EndProject
Global
	GlobalSection(SolutionConfigurationPlatforms) = preSolution
		Debug|Any CPU = Debug|Any CPU
		Debug|x86 = Debug|x86
		Release|Any CPU = Release|Any CPU
		Release|x86 = Release|x86
	EndGlobalSection
	GlobalSection(ProjectConfigurationPlatforms) = postSolution
		{656FE60F-5BA3-4862-A5C1-A8EE24040370}.Debug|Any CPU.ActiveCfg = Debug|Any CPU
		{656FE60F-5BA3-4862-A5C1-A8EE24040370}.Debug|Any CPU.Build.0 = Debug|Any CPU
		{656FE60F-5BA3-4862-A5C1-A8EE24040370}.Debug|x86.ActiveCfg = Debug|x86
		{656FE60F-5BA3-4862-A5C1-A8EE24040370}.Debug|x86.Build.0 = Debug|x86
		{656FE60F-5BA3-4862-A5C1-A8EE24040370}.Release|Any CPU.ActiveCfg = Release|Any CPU
		{656FE60F-5BA3-4862-A5C1-A8EE24040370}.Release|Any CPU.Build.0 = Release|Any CPU
		{656FE60F-5BA3-4862-A5C1-A8EE24040370}.Release|x86.ActiveCfg = Release|x86
		{656FE60F-5BA3-4862-A5C1-A8EE24040370}.Release|x86.Build.0 = Release|x86
	EndGlobalSection
	GlobalSection(SolutionProperties) = preSolution
		HideSolutionNode = FALSE
	EndGlobalSection
	GlobalSection(ExtensibilityGlobals) = postSolution
		SolutionGuid = {268B7559-0500-43EC-9B22-00D2CA6695DF}
	EndGlobalSection
EndGlobal
